{
  "nodes": {
    "arkenfox-userjs": {
      "flake": false,
      "locked": {
        "lastModified": 1675728165,
        "narHash": "sha256-ebSx6DaXoGKcCoK6UcDnWvdAW6J2X6pJRPD1Pw7UNOw=",
        "owner": "arkenfox",
        "repo": "user.js",
        "rev": "73884850632ffe284f76881786f7d5903b917f58",
        "type": "github"
      },
      "original": {
        "owner": "arkenfox",
        "repo": "user.js",
        "type": "github"
      }
    },
    "home-manager": {
      "inputs": {
        "nixpkgs": [
          "nixpkgs"
        ],
        "utils": "utils"
      },
      "locked": {
        "lastModified": 1677783711,
        "narHash": "sha256-eq5mOVk3gv5HITtLhPjKwi8bFnOaQplA3X0WFgHnmxE=",
        "owner": "nix-community",
        "repo": "home-manager",
        "rev": "b9e3a29864798d55ec1d6579ab97876bb1ee9664",
        "type": "github"
      },
      "original": {
        "owner": "nix-community",
        "ref": "master",
        "repo": "home-manager",
        "type": "github"
      }
    },
    "nixpkgs": {
      "locked": {
        "lastModified": 1677587185,
        "narHash": "sha256-zYT66MAYwctAQqI5VBw3LbBXiSKdB8vuMAqCGG8onbE=",
        "owner": "nixos",
        "repo": "nixpkgs",
        "rev": "68196a61c26748d3e53a6803de3d2f8c69f27831",
        "type": "github"
      },
      "original": {
        "owner": "nixos",
        "ref": "nixos-unstable",
        "repo": "nixpkgs",
        "type": "github"
      }
    },
    "nur": {
      "locked": {
        "lastModified": 1677786398,
        "narHash": "sha256-EfZ7uZNcTbXi+zhbWOeW2a0/nuQG5xhS0LtS59a76Cc=",
        "owner": "nix-community",
        "repo": "NUR",
        "rev": "2d1f6058a4a7c6a3aeb69e00a6a961b18ca9e103",
        "type": "github"
      },
      "original": {
        "owner": "nix-community",
        "repo": "NUR",
        "type": "github"
      }
    },
    "root": {
      "inputs": {
        "arkenfox-userjs": "arkenfox-userjs",
        "home-manager": "home-manager",
        "nixpkgs": "nixpkgs",
        "nur": "nur"
      }
    },
    "utils": {
      "locked": {
        "lastModified": 1667395993,
        "narHash": "sha256-nuEHfE/LcWyuSWnS8t12N1wc105Qtau+/OdUAjtQ0rA=",
        "owner": "numtide",
        "repo": "flake-utils",
        "rev": "5aed5285a952e0b949eb3ba02c12fa4fcfef535f",
        "type": "github"
      },
      "original": {
        "owner": "numtide",
        "repo": "flake-utils",
        "type": "github"
      }
    }
  },
  "root": "root",
  "version": 7
}
